# Generated by move; do not edit
# This file should be checked in.

[move]
version = 4

[pinned.testnet.Dubhe]
source = { local = "../dubhe" }
use_environment = "testnet"
manifest_digest = "3DFA02AB9B97A2DA98DAF37FF64E4BA13A0840DEED35DC28D766282354920DF8"
deps = { Sui = "Sui_1" }

[pinned.testnet.MoveStdlib]
source = { git = "https://github.com/MystenLabs/sui.git", subdir = "crates/sui-framework/packages/move-stdlib", rev = "384b1c7ff289b32ed2664f29dc47dbc879fa43ee" }
use_environment = "testnet"
manifest_digest = "C4FE4C91DE74CBF223B2E380AE40F592177D21870DC2D7EB6227D2D694E05363"
deps = {}

[pinned.testnet.MoveStdlib_1]
source = { local = "../../vendor/sui-framework/move-stdlib" }
use_environment = "testnet"
manifest_digest = "C4FE4C91DE74CBF223B2E380AE40F592177D21870DC2D7EB6227D2D694E05363"
deps = {}

[pinned.testnet.Sui]
source = { git = "https://github.com/MystenLabs/sui.git", subdir = "crates/sui-framework/packages/sui-framework", rev = "384b1c7ff289b32ed2664f29dc47dbc879fa43ee" }
use_environment = "testnet"
manifest_digest = "7AFB66695545775FBFBB2D3078ADFD084244D5002392E837FDE21D9EA1C6D01C"
deps = { MoveStdlib = "MoveStdlib" }

[pinned.testnet.Sui_1]
source = { local = "../../vendor/sui-framework/sui-framework" }
use_environment = "testnet"
manifest_digest = "7AFB66695545775FBFBB2D3078ADFD084244D5002392E837FDE21D9EA1C6D01C"
deps = { MoveStdlib = "MoveStdlib_1" }

[pinned.testnet.numeron]
source = { root = true }
use_environment = "testnet"
manifest_digest = "2D4D3310758A71D313468A1B290F249B20F4102A935C19C448A4997325E498D1"
deps = { Dubhe = "Dubhe", std = "MoveStdlib", sui = "Sui" }

[env.localnet]
chain-id = "7162b7c4"
original-published-id = "0x689c687d9a402b84cd23a5fc465fde4a83e16618b9692f1ac71b89f0be1038ed"
latest-published-id = "0x689c687d9a402b84cd23a5fc465fde4a83e16618b9692f1ac71b89f0be1038ed"
published-version = "1"
