# Generated by move; do not edit
# This file should be checked in.

[move]
version = 4

[pinned.testnet.Dubhe]
source = { root = true }
use_environment = "testnet"
manifest_digest = "3DFA02AB9B97A2DA98DAF37FF64E4BA13A0840DEED35DC28D766282354920DF8"
deps = { Sui = "Sui" }

[pinned.testnet.MoveStdlib]
source = { local = "../../vendor/sui-framework/move-stdlib" }
use_environment = "testnet"
manifest_digest = "C4FE4C91DE74CBF223B2E380AE40F592177D21870DC2D7EB6227D2D694E05363"
deps = {}

[pinned.testnet.Sui]
source = { local = "../../vendor/sui-framework/sui-framework" }
use_environment = "testnet"
manifest_digest = "7AFB66695545775FBFBB2D3078ADFD084244D5002392E837FDE21D9EA1C6D01C"
deps = { MoveStdlib = "MoveStdlib" }

[env.localnet]
chain-id = "7162b7c4"
original-published-id = "0x21ae32a9d5cb79e6babc0a76d9e85fd9f83eec7de6fa633f6e50f63a032ea07e"
latest-published-id = "0x21ae32a9d5cb79e6babc0a76d9e85fd9f83eec7de6fa633f6e50f63a032ea07e"
published-version = "1"
